
Microsoft Visual Studio Solution File, Format Version 12.00
# Visual Studio Version 16
VisualStudioVersion = 16.0.31424.327
MinimumVisualStudioVersion = 10.0.40219.1
Project("{FAE04EC0-301F-11D3-BF4B-00C04F79EFBC}") = "QR Code Scanner.Android", "..\source\repos\QR Code Scanner\QR Code Scanner\QR Code Scanner.Android\QR Code Scanner.Android.csproj", "{30E7A1AC-DBB7-4C2F-833A-1CF53A7B056B}"
EndProject
Project("{FAE04EC0-301F-11D3-BF4B-00C04F79EFBC}") = "QR Code Scanner.iOS", "..\source\repos\QR Code Scanner\QR Code Scanner\QR Code Scanner.iOS\QR Code Scanner.iOS.csproj", "{FD7C82AA-C218-4114-9A48-EAFCADC08949}"
EndProject
Project("{9A19103F-16F7-4668-BE54-9A1E7A4F7556}") = "QR Code Scanner", "..\source\repos\QR Code Scanner\QR Code Scanner\QR Code Scanner\QR Code Scanner.csproj", "{16B04B7F-3872-44A0-B718-6647FEE265A7}"
EndProject
Global
	GlobalSection(SolutionConfigurationPlatforms) = preSolution
		Debug|Any CPU = Debug|Any CPU
		Debug|iPhone = Debug|iPhone
		Debug|iPhoneSimulator = Debug|iPhoneSimulator
		Release|Any CPU = Release|Any CPU
		Release|iPhone = Release|iPhone
		Release|iPhoneSimulator = Release|iPhoneSimulator
	EndGlobalSection
	GlobalSection(ProjectConfigurationPlatforms) = postSolution
		{30E7A1AC-DBB7-4C2F-833A-1CF53A7B056B}.Debug|Any CPU.ActiveCfg = Debug|Any CPU
		{30E7A1AC-DBB7-4C2F-833A-1CF53A7B056B}.Debug|Any CPU.Build.0 = Debug|Any CPU
		{30E7A1AC-DBB7-4C2F-833A-1CF53A7B056B}.Debug|Any CPU.Deploy.0 = Debug|Any CPU
		{30E7A1AC-DBB7-4C2F-833A-1CF53A7B056B}.Debug|iPhone.ActiveCfg = Debug|Any CPU
		{30E7A1AC-DBB7-4C2F-833A-1CF53A7B056B}.Debug|iPhone.Build.0 = Debug|Any CPU
		{30E7A1AC-DBB7-4C2F-833A-1CF53A7B056B}.Debug|iPhone.Deploy.0 = Debug|Any CPU
		{30E7A1AC-DBB7-4C2F-833A-1CF53A7B056B}.Debug|iPhoneSimulator.ActiveCfg = Debug|Any CPU
		{30E7A1AC-DBB7-4C2F-833A-1CF53A7B056B}.Debug|iPhoneSimulator.Build.0 = Debug|Any CPU
		{30E7A1AC-DBB7-4C2F-833A-1CF53A7B056B}.Debug|iPhoneSimulator.Deploy.0 = Debug|Any CPU
		{30E7A1AC-DBB7-4C2F-833A-1CF53A7B056B}.Release|Any CPU.ActiveCfg = Release|Any CPU
		{30E7A1AC-DBB7-4C2F-833A-1CF53A7B056B}.Release|Any CPU.Build.0 = Release|Any CPU
		{30E7A1AC-DBB7-4C2F-833A-1CF53A7B056B}.Release|Any CPU.Deploy.0 = Release|Any CPU
		{30E7A1AC-DBB7-4C2F-833A-1CF53A7B056B}.Release|iPhone.ActiveCfg = Release|Any CPU
		{30E7A1AC-DBB7-4C2F-833A-1CF53A7B056B}.Release|iPhone.Build.0 = Release|Any CPU
		{30E7A1AC-DBB7-4C2F-833A-1CF53A7B056B}.Release|iPhone.Deploy.0 = Release|Any CPU
		{30E7A1AC-DBB7-4C2F-833A-1CF53A7B056B}.Release|iPhoneSimulator.ActiveCfg = Release|Any CPU
		{30E7A1AC-DBB7-4C2F-833A-1CF53A7B056B}.Release|iPhoneSimulator.Build.0 = Release|Any CPU
		{30E7A1AC-DBB7-4C2F-833A-1CF53A7B056B}.Release|iPhoneSimulator.Deploy.0 = Release|Any CPU
		{FD7C82AA-C218-4114-9A48-EAFCADC08949}.Debug|Any CPU.ActiveCfg = Debug|iPhone
		{FD7C82AA-C218-4114-9A48-EAFCADC08949}.Debug|Any CPU.Build.0 = Debug|iPhone
		{FD7C82AA-C218-4114-9A48-EAFCADC08949}.Debug|Any CPU.Deploy.0 = Debug|iPhone
		{FD7C82AA-C218-4114-9A48-EAFCADC08949}.Debug|iPhone.ActiveCfg = Debug|iPhone
		{FD7C82AA-C218-4114-9A48-EAFCADC08949}.Debug|iPhone.Build.0 = Debug|iPhone
		{FD7C82AA-C218-4114-9A48-EAFCADC08949}.Debug|iPhone.Deploy.0 = Debug|iPhone
		{FD7C82AA-C218-4114-9A48-EAFCADC08949}.Debug|iPhoneSimulator.ActiveCfg = Debug|iPhoneSimulator
		{FD7C82AA-C218-4114-9A48-EAFCADC08949}.Debug|iPhoneSimulator.Build.0 = Debug|iPhoneSimulator
		{FD7C82AA-C218-4114-9A48-EAFCADC08949}.Debug|iPhoneSimulator.Deploy.0 = Debug|iPhoneSimulator
		{FD7C82AA-C218-4114-9A48-EAFCADC08949}.Release|Any CPU.ActiveCfg = Release|iPhoneSimulator
		{FD7C82AA-C218-4114-9A48-EAFCADC08949}.Release|Any CPU.Build.0 = Release|iPhoneSimulator
		{FD7C82AA-C218-4114-9A48-EAFCADC08949}.Release|Any CPU.Deploy.0 = Release|iPhoneSimulator
		{FD7C82AA-C218-4114-9A48-EAFCADC08949}.Release|iPhone.ActiveCfg = Release|iPhone
		{FD7C82AA-C218-4114-9A48-EAFCADC08949}.Release|iPhone.Build.0 = Release|iPhone
		{FD7C82AA-C218-4114-9A48-EAFCADC08949}.Release|iPhone.Deploy.0 = Release|iPhone
		{FD7C82AA-C218-4114-9A48-EAFCADC08949}.Release|iPhoneSimulator.ActiveCfg = Release|iPhoneSimulator
		{FD7C82AA-C218-4114-9A48-EAFCADC08949}.Release|iPhoneSimulator.Build.0 = Release|iPhoneSimulator
		{FD7C82AA-C218-4114-9A48-EAFCADC08949}.Release|iPhoneSimulator.Deploy.0 = Release|iPhoneSimulator
		{16B04B7F-3872-44A0-B718-6647FEE265A7}.Debug|Any CPU.ActiveCfg = Debug|Any CPU
		{16B04B7F-3872-44A0-B718-6647FEE265A7}.Debug|Any CPU.Build.0 = Debug|Any CPU
		{16B04B7F-3872-44A0-B718-6647FEE265A7}.Debug|Any CPU.Deploy.0 = Debug|Any CPU
		{16B04B7F-3872-44A0-B718-6647FEE265A7}.Debug|iPhone.ActiveCfg = Debug|Any CPU
		{16B04B7F-3872-44A0-B718-6647FEE265A7}.Debug|iPhone.Build.0 = Debug|Any CPU
		{16B04B7F-3872-44A0-B718-6647FEE265A7}.Debug|iPhone.Deploy.0 = Debug|Any CPU
		{16B04B7F-3872-44A0-B718-6647FEE265A7}.Debug|iPhoneSimulator.ActiveCfg = Debug|Any CPU
		{16B04B7F-3872-44A0-B718-6647FEE265A7}.Debug|iPhoneSimulator.Build.0 = Debug|Any CPU
		{16B04B7F-3872-44A0-B718-6647FEE265A7}.Debug|iPhoneSimulator.Deploy.0 = Debug|Any CPU
		{16B04B7F-3872-44A0-B718-6647FEE265A7}.Release|Any CPU.ActiveCfg = Release|Any CPU
		{16B04B7F-3872-44A0-B718-6647FEE265A7}.Release|Any CPU.Build.0 = Release|Any CPU
		{16B04B7F-3872-44A0-B718-6647FEE265A7}.Release|Any CPU.Deploy.0 = Release|Any CPU
		{16B04B7F-3872-44A0-B718-6647FEE265A7}.Release|iPhone.ActiveCfg = Release|Any CPU
		{16B04B7F-3872-44A0-B718-6647FEE265A7}.Release|iPhone.Build.0 = Release|Any CPU
		{16B04B7F-3872-44A0-B718-6647FEE265A7}.Release|iPhone.Deploy.0 = Release|Any CPU
		{16B04B7F-3872-44A0-B718-6647FEE265A7}.Release|iPhoneSimulator.ActiveCfg = Release|Any CPU
		{16B04B7F-3872-44A0-B718-6647FEE265A7}.Release|iPhoneSimulator.Build.0 = Release|Any CPU
		{16B04B7F-3872-44A0-B718-6647FEE265A7}.Release|iPhoneSimulator.Deploy.0 = Release|Any CPU
	EndGlobalSection
	GlobalSection(SolutionProperties) = preSolution
		HideSolutionNode = FALSE
	EndGlobalSection
	GlobalSection(ExtensibilityGlobals) = postSolution
		SolutionGuid = {99292898-1202-4C40-B845-3AA5B0737A75}
	EndGlobalSection
EndGlobal
